
Microsoft Visual Studio Solution File, Format Version 12.00
# Visual Studio 14
VisualStudioVersion = 14.0.25420.1
MinimumVisualStudioVersion = 10.0.40219.1
Project("{FAE04EC0-301F-11D3-BF4B-00C04F79EFBC}") = "FindMethods.WFP", "FindMethods.WFP\FindMethods.WFP.csproj", "{577B72C2-7AD5-444A-8C89-ECC154A64E26}"
EndProject
Project("{2150E333-8FDC-42A3-9474-1A3956D46DE8}") = "Solution Items", "Solution Items", "{143305F4-3F1F-4B6A-933A-27AD0781325C}"
	ProjectSection(SolutionItems) = preProject
		notes.txt = notes.txt
	EndProjectSection
EndProject
Project("{FAE04EC0-301F-11D3-BF4B-00C04F79EFBC}") = "FindMethods.BL", "FindMethods.BL\FindMethods.BL.csproj", "{C1759404-7F5D-41AF-B429-F122406CFCDF}"
EndProject
Global
	GlobalSection(SolutionConfigurationPlatforms) = preSolution
		Debug|Any CPU = Debug|Any CPU
		Release|Any CPU = Release|Any CPU
	EndGlobalSection
	GlobalSection(ProjectConfigurationPlatforms) = postSolution
		{577B72C2-7AD5-444A-8C89-ECC154A64E26}.Debug|Any CPU.ActiveCfg = Debug|Any CPU
		{577B72C2-7AD5-444A-8C89-ECC154A64E26}.Debug|Any CPU.Build.0 = Debug|Any CPU
		{577B72C2-7AD5-444A-8C89-ECC154A64E26}.Release|Any CPU.ActiveCfg = Release|Any CPU
		{577B72C2-7AD5-444A-8C89-ECC154A64E26}.Release|Any CPU.Build.0 = Release|Any CPU
		{C1759404-7F5D-41AF-B429-F122406CFCDF}.Debug|Any CPU.ActiveCfg = Debug|Any CPU
		{C1759404-7F5D-41AF-B429-F122406CFCDF}.Debug|Any CPU.Build.0 = Debug|Any CPU
		{C1759404-7F5D-41AF-B429-F122406CFCDF}.Release|Any CPU.ActiveCfg = Release|Any CPU
		{C1759404-7F5D-41AF-B429-F122406CFCDF}.Release|Any CPU.Build.0 = Release|Any CPU
	EndGlobalSection
	GlobalSection(SolutionProperties) = preSolution
		HideSolutionNode = FALSE
	EndGlobalSection
EndGlobal
