
Microsoft Visual Studio Solution File, Format Version 12.00
# Visual Studio 14
VisualStudioVersion = 14.0.25420.1
MinimumVisualStudioVersion = 10.0.40219.1
Project("{FAE04EC0-301F-11D3-BF4B-00C04F79EFBC}") = "FileHandler", "FileHandler.csproj", "{445CC75D-0F9F-4B5A-BF2A-816FDE2CF70E}"
EndProject
Project("{FAE04EC0-301F-11D3-BF4B-00C04F79EFBC}") = "FileHandlerUI", "FileHandlerUI\FileHandlerUI.csproj", "{A4D6A77B-050B-40D9-A996-42EDC29641B8}"
EndProject
Global
	GlobalSection(SolutionConfigurationPlatforms) = preSolution
		Debug|Any CPU = Debug|Any CPU
		Release|Any CPU = Release|Any CPU
	EndGlobalSection
	GlobalSection(ProjectConfigurationPlatforms) = postSolution
		{445CC75D-0F9F-4B5A-BF2A-816FDE2CF70E}.Debug|Any CPU.ActiveCfg = Debug|Any CPU
		{445CC75D-0F9F-4B5A-BF2A-816FDE2CF70E}.Debug|Any CPU.Build.0 = Debug|Any CPU
		{445CC75D-0F9F-4B5A-BF2A-816FDE2CF70E}.Release|Any CPU.ActiveCfg = Release|Any CPU
		{445CC75D-0F9F-4B5A-BF2A-816FDE2CF70E}.Release|Any CPU.Build.0 = Release|Any CPU
		{A4D6A77B-050B-40D9-A996-42EDC29641B8}.Debug|Any CPU.ActiveCfg = Debug|Any CPU
		{A4D6A77B-050B-40D9-A996-42EDC29641B8}.Debug|Any CPU.Build.0 = Debug|Any CPU
		{A4D6A77B-050B-40D9-A996-42EDC29641B8}.Release|Any CPU.ActiveCfg = Release|Any CPU
		{A4D6A77B-050B-40D9-A996-42EDC29641B8}.Release|Any CPU.Build.0 = Release|Any CPU
	EndGlobalSection
	GlobalSection(SolutionProperties) = preSolution
		HideSolutionNode = FALSE
	EndGlobalSection
EndGlobal
