
Microsoft Visual Studio Solution File, Format Version 12.00
# Visual Studio Version 16
VisualStudioVersion = 16.0.29201.188
MinimumVisualStudioVersion = 10.0.40219.1
Project("{FAE04EC0-301F-11D3-BF4B-00C04F79EFBC}") = "Contacts", "Contacts\Contacts.csproj", "{79F34697-449C-44AF-9C15-865E085F7A3A}"
EndProject
Project("{FAE04EC0-301F-11D3-BF4B-00C04F79EFBC}") = "Contacts.Business", "Contacts.Business\Contacts.Business.csproj", "{5B49DC32-75E4-47DB-9617-5D409257FD79}"
EndProject
Project("{FAE04EC0-301F-11D3-BF4B-00C04F79EFBC}") = "Contacts.Business.Tests", "Contacts.Business.Tests\Contacts.Business.Tests.csproj", "{EBA6F98B-8839-4CAE-9E15-B55890A5AABC}"
EndProject
Global
	GlobalSection(SolutionConfigurationPlatforms) = preSolution
		Debug|Any CPU = Debug|Any CPU
		Release|Any CPU = Release|Any CPU
	EndGlobalSection
	GlobalSection(ProjectConfigurationPlatforms) = postSolution
		{79F34697-449C-44AF-9C15-865E085F7A3A}.Debug|Any CPU.ActiveCfg = Debug|Any CPU
		{79F34697-449C-44AF-9C15-865E085F7A3A}.Debug|Any CPU.Build.0 = Debug|Any CPU
		{79F34697-449C-44AF-9C15-865E085F7A3A}.Release|Any CPU.ActiveCfg = Release|Any CPU
		{79F34697-449C-44AF-9C15-865E085F7A3A}.Release|Any CPU.Build.0 = Release|Any CPU
		{5B49DC32-75E4-47DB-9617-5D409257FD79}.Debug|Any CPU.ActiveCfg = Debug|Any CPU
		{5B49DC32-75E4-47DB-9617-5D409257FD79}.Debug|Any CPU.Build.0 = Debug|Any CPU
		{5B49DC32-75E4-47DB-9617-5D409257FD79}.Release|Any CPU.ActiveCfg = Release|Any CPU
		{5B49DC32-75E4-47DB-9617-5D409257FD79}.Release|Any CPU.Build.0 = Release|Any CPU
		{EBA6F98B-8839-4CAE-9E15-B55890A5AABC}.Debug|Any CPU.ActiveCfg = Debug|Any CPU
		{EBA6F98B-8839-4CAE-9E15-B55890A5AABC}.Debug|Any CPU.Build.0 = Debug|Any CPU
		{EBA6F98B-8839-4CAE-9E15-B55890A5AABC}.Release|Any CPU.ActiveCfg = Release|Any CPU
		{EBA6F98B-8839-4CAE-9E15-B55890A5AABC}.Release|Any CPU.Build.0 = Release|Any CPU
	EndGlobalSection
	GlobalSection(SolutionProperties) = preSolution
		HideSolutionNode = FALSE
	EndGlobalSection
	GlobalSection(ExtensibilityGlobals) = postSolution
		SolutionGuid = {E587B44F-A2E6-4D94-83CB-D9F45088BDC0}
	EndGlobalSection
EndGlobal
