
Microsoft Visual Studio Solution File, Format Version 12.00
# Visual Studio Version 16
VisualStudioVersion = 16.0.30320.27
MinimumVisualStudioVersion = 10.0.40219.1
Project("{FAE04EC0-301F-11D3-BF4B-00C04F79EFBC}") = "DesignPatterns", "DesignPatterns\DesignPatterns.csproj", "{80C5E52A-A838-4441-81D7-44405786039C}"
EndProject
Project("{FAE04EC0-301F-11D3-BF4B-00C04F79EFBC}") = "DesignPatterns.Business", "DesignPatterns.Business\DesignPatterns.Business.csproj", "{1E5F608E-2E97-4EC2-A91D-E23402C812A0}"
EndProject
Global
	GlobalSection(SolutionConfigurationPlatforms) = preSolution
		Debug|Any CPU = Debug|Any CPU
		Release|Any CPU = Release|Any CPU
	EndGlobalSection
	GlobalSection(ProjectConfigurationPlatforms) = postSolution
		{80C5E52A-A838-4441-81D7-44405786039C}.Debug|Any CPU.ActiveCfg = Debug|Any CPU
		{80C5E52A-A838-4441-81D7-44405786039C}.Debug|Any CPU.Build.0 = Debug|Any CPU
		{80C5E52A-A838-4441-81D7-44405786039C}.Release|Any CPU.ActiveCfg = Release|Any CPU
		{80C5E52A-A838-4441-81D7-44405786039C}.Release|Any CPU.Build.0 = Release|Any CPU
		{1E5F608E-2E97-4EC2-A91D-E23402C812A0}.Debug|Any CPU.ActiveCfg = Debug|Any CPU
		{1E5F608E-2E97-4EC2-A91D-E23402C812A0}.Debug|Any CPU.Build.0 = Debug|Any CPU
		{1E5F608E-2E97-4EC2-A91D-E23402C812A0}.Release|Any CPU.ActiveCfg = Release|Any CPU
		{1E5F608E-2E97-4EC2-A91D-E23402C812A0}.Release|Any CPU.Build.0 = Release|Any CPU
	EndGlobalSection
	GlobalSection(SolutionProperties) = preSolution
		HideSolutionNode = FALSE
	EndGlobalSection
	GlobalSection(ExtensibilityGlobals) = postSolution
		SolutionGuid = {96FAA167-12E7-426B-9654-9F5E74838BFA}
	EndGlobalSection
EndGlobal
